uuid: e178ef64-9c61-4878-b5ba-b1db0ac0836e
langcode: fr
status: true
dependencies:
  module:
    - ctools
    - rp_site
  theme:
    - retraitespopulaires
id: faqsblock
theme: retraitespopulaires
region: content_bottom
weight: -8
provider: null
plugin: rp_site_faqsk
settings:
  id: rp_site_faqsk
  label: 'FAQs block'
  provider: rp_site
  label_display: '0'
visibility:
  'entity_bundle:node':
    id: 'entity_bundle:node'
    bundles:
      page: page
    negate: false
    context_mapping:
      node: '@node.node_route_context:node'
