uuid: 1e6427af-0b82-4fc8-a7ef-cbb7025c371c
langcode: fr
status: false
dependencies:
  module:
    - rp_layout
  theme:
    - retraitespopulaires
id: layoutfooterblock
theme: retraitespopulaires
region: header
weight: -7
provider: null
plugin: rp_layout_footer_block
settings:
  id: rp_layout_footer_block
  label: 'Layout Footer block'
  provider: rp_layout
  label_display: '0'
visibility: {  }
