uuid: 1835be3a-b287-4ca2-8511-2e4e5aa540df
langcode: fr
status: true
dependencies:
  module:
    - ctools
    - rp_site
  theme:
    - retraitespopulaires_admin
id: retraitespopulaires_admin_faqsblock
theme: retraitespopulaires_admin
region: sidebar_first
weight: -12
provider: null
plugin: rp_site_faqs
settings:
  id: rp_site_faqs
  label: 'FAQs block'
  provider: rp_site
  label_display: '0'
visibility:
  'entity_bundle:node':
    id: 'entity_bundle:node'
    bundles:
      page: page
    negate: false
    context_mapping:
      node: '@node.node_route_context:node'
