uuid: c11cf614-1387-4566-a11e-2c46cc2a64e5
langcode: fr
status: false
dependencies:
  module:
    - ctools
  theme:
    - retraitespopulaires_admin
id: retraitespopulaires_admin_contactblock
theme: retraitespopulaires_admin
region: '-1'
weight: -6
provider: null
plugin: rp_site_contact
settings:
  id: rp_site_contact
  label: 'Contact block'
  provider: rp_site
  label_display: '0'
visibility:
  'entity_bundle:node':
    id: 'entity_bundle:node'
    bundles:
      page: page
    negate: false
    context_mapping:
      node: '@node.node_route_context:node'
